
Microsoft Visual Studio Solution File, Format Version 12.00
# Visual Studio Version 16
VisualStudioVersion = 16.0.32802.440
MinimumVisualStudioVersion = 10.0.40219.1
Project("{FAE04EC0-301F-11D3-BF4B-00C04F79EFBC}") = "WindowsFormsApp1", "WindowsFormsApp1.csproj", "{6FFE989F-1E33-4CD8-A23C-CA8805399BDB}"
EndProject
Global
	GlobalSection(SolutionConfigurationPlatforms) = preSolution
		Debug|Any CPU = Debug|Any CPU
		Release|Any CPU = Release|Any CPU
	EndGlobalSection
	GlobalSection(ProjectConfigurationPlatforms) = postSolution
		{6FFE989F-1E33-4CD8-A23C-CA8805399BDB}.Debug|Any CPU.ActiveCfg = Debug|Any CPU
		{6FFE989F-1E33-4CD8-A23C-CA8805399BDB}.Debug|Any CPU.Build.0 = Debug|Any CPU
		{6FFE989F-1E33-4CD8-A23C-CA8805399BDB}.Release|Any CPU.ActiveCfg = Release|Any CPU
		{6FFE989F-1E33-4CD8-A23C-CA8805399BDB}.Release|Any CPU.Build.0 = Release|Any CPU
	EndGlobalSection
	GlobalSection(SolutionProperties) = preSolution
		HideSolutionNode = FALSE
	EndGlobalSection
	GlobalSection(ExtensibilityGlobals) = postSolution
		SolutionGuid = {FB2995C3-203A-42E1-BDE5-9E85BF365D78}
	EndGlobalSection
EndGlobal
